{
  "name": "clloning-app",
  "lockfileVersion": 3,
  "requires": true,
  "packages": {
    "": {
      "dependencies": {
        "packet.js": "^1.0.2"
      }
    },
    "node_modules/packet.js": {
      "version": "1.0.2",
      "resolved": "https://registry.npmjs.org/packet.js/-/packet.js-1.0.2.tgz",
      "integrity": "sha512-FDRvJI8wdSjcZybKXE4jRiKa+6jyu1uKar6ea8NcHE7gdsz2f8lUHWZ3CRKMt+bUH8UbtlQNt5Q2JDBXSe6N1Q=="
    }
  }
}
